
Microsoft Visual Studio Solution File, Format Version 12.00
# Visual Studio Version 16
VisualStudioVersion = 16.0.30804.86
MinimumVisualStudioVersion = 10.0.40219.1
Project("{FAE04EC0-301F-11D3-BF4B-00C04F79EFBC}") = "App", "App\App.csproj", "{C63ED679-2BC2-40A4-9AB5-5662079B614D}"
EndProject
Global
	GlobalSection(SolutionConfigurationPlatforms) = preSolution
		Debug|Any CPU = Debug|Any CPU
		Release|Any CPU = Release|Any CPU
	EndGlobalSection
	GlobalSection(ProjectConfigurationPlatforms) = postSolution
		{C63ED679-2BC2-40A4-9AB5-5662079B614D}.Debug|Any CPU.ActiveCfg = Debug|Any CPU
		{C63ED679-2BC2-40A4-9AB5-5662079B614D}.Debug|Any CPU.Build.0 = Debug|Any CPU
		{C63ED679-2BC2-40A4-9AB5-5662079B614D}.Release|Any CPU.ActiveCfg = Release|Any CPU
		{C63ED679-2BC2-40A4-9AB5-5662079B614D}.Release|Any CPU.Build.0 = Release|Any CPU
	EndGlobalSection
	GlobalSection(SolutionProperties) = preSolution
		HideSolutionNode = FALSE
	EndGlobalSection
	GlobalSection(ExtensibilityGlobals) = postSolution
		SolutionGuid = {16F64CAF-83EA-459D-AA0E-CD4D947B066F}
	EndGlobalSection
EndGlobal
